
Microsoft Visual Studio Solution File, Format Version 12.00
# Visual Studio Version 17
VisualStudioVersion = 17.4.33213.308
MinimumVisualStudioVersion = 10.0.40219.1
Project("{9A19103F-16F7-4668-BE54-9A1E7A4F7556}") = "API-MSSQL", "API-MSSQL.csproj", "{ED361A1B-FCDA-4CC8-8954-72B28EE2EBDE}"
EndProject
Global
	GlobalSection(SolutionConfigurationPlatforms) = preSolution
		Debug|Any CPU = Debug|Any CPU
		Release|Any CPU = Release|Any CPU
	EndGlobalSection
	GlobalSection(ProjectConfigurationPlatforms) = postSolution
		{ED361A1B-FCDA-4CC8-8954-72B28EE2EBDE}.Debug|Any CPU.ActiveCfg = Debug|Any CPU
		{ED361A1B-FCDA-4CC8-8954-72B28EE2EBDE}.Debug|Any CPU.Build.0 = Debug|Any CPU
		{ED361A1B-FCDA-4CC8-8954-72B28EE2EBDE}.Release|Any CPU.ActiveCfg = Release|Any CPU
		{ED361A1B-FCDA-4CC8-8954-72B28EE2EBDE}.Release|Any CPU.Build.0 = Release|Any CPU
	EndGlobalSection
	GlobalSection(SolutionProperties) = preSolution
		HideSolutionNode = FALSE
	EndGlobalSection
	GlobalSection(ExtensibilityGlobals) = postSolution
		SolutionGuid = {AAEFDF32-7A15-4D3F-B49D-2DD67BA81E01}
	EndGlobalSection
EndGlobal
